// !$*UTF8*$!
{
	archiveVersion = 1;
	classes = {
	};
	objectVersion = 50;
	objects = {

/* Begin PBXBuildFile section */
		9A917DC7272C5DFB00866429 /* AppDelegate.swift in Sources */ = {isa = PBXBuildFile; fileRef = 9A917DC6272C5DFB00866429 /* AppDelegate.swift */; };
		9A917DC9272C5DFB00866429 /* SceneDelegate.swift in Sources */ = {isa = PBXBuildFile; fileRef = 9A917DC8272C5DFB00866429 /* SceneDelegate.swift */; };
		9A917DCB272C5DFB00866429 /* ViewController.swift in Sources */ = {isa = PBXBuildFile; fileRef = 9A917DCA272C5DFB00866429 /* ViewController.swift */; };
		9A917DCE272C5DFB00866429 /* Main.storyboard in Resources */ = {isa = PBXBuildFile; fileRef = 9A917DCC272C5DFB00866429 /* Main.storyboard */; };
		9A917DD1272C5DFB00866429 /* treeTest.xcdatamodeld in Sources */ = {isa = PBXBuildFile; fileRef = 9A917DCF272C5DFB00866429 /* treeTest.xcdatamodeld */; };
		9A917DD3272C5DFD00866429 /* Assets.xcassets in Resources */ = {isa = PBXBuildFile; fileRef = 9A917DD2272C5DFD00866429 /* Assets.xcassets */; };
		9A917DD6272C5DFD00866429 /* LaunchScreen.storyboard in Resources */ = {isa = PBXBuildFile; fileRef = 9A917DD4272C5DFD00866429 /* LaunchScreen.storyboard */; };
		9A917DE1272C5DFD00866429 /* treeTestTests.swift in Sources */ = {isa = PBXBuildFile; fileRef = 9A917DE0272C5DFD00866429 /* treeTestTests.swift */; };
		9A917DEC272C5DFD00866429 /* treeTestUITests.swift in Sources */ = {isa = PBXBuildFile; fileRef = 9A917DEB272C5DFD00866429 /* treeTestUITests.swift */; };
/* End PBXBuildFile section */

/* Begin PBXContainerItemProxy section */
		9A917DDD272C5DFD00866429 /* PBXContainerItemProxy */ = {
			isa = PBXContainerItemProxy;
			containerPortal = 9A917DBB272C5DFB00866429 /* Project object */;
			proxyType = 1;
			remoteGlobalIDString = 9A917DC2272C5DFB00866429;
			remoteInfo = treeTest;
		};
		9A917DE8272C5DFD00866429 /* PBXContainerItemProxy */ = {
			isa = PBXContainerItemProxy;
			containerPortal = 9A917DBB272C5DFB00866429 /* Project object */;
			proxyType = 1;
			remoteGlobalIDString = 9A917DC2272C5DFB00866429;
			remoteInfo = treeTest;
		};
/* End PBXContainerItemProxy section */

/* Begin PBXFileReference section */
		9A917DC3272C5DFB00866429 /* treeTest.app */ = {isa = PBXFileReference; explicitFileType = wrapper.application; includeInIndex = 0; path = treeTest.app; sourceTree = BUILT_PRODUCTS_DIR; };
		9A917DC6272C5DFB00866429 /* AppDelegate.swift */ = {isa = PBXFileReference; lastKnownFileType = sourcecode.swift; path = AppDelegate.swift; sourceTree = "<group>"; };
		9A917DC8272C5DFB00866429 /* SceneDelegate.swift */ = {isa = PBXFileReference; lastKnownFileType = sourcecode.swift; path = SceneDelegate.swift; sourceTree = "<group>"; };
		9A917DCA272C5DFB00866429 /* ViewController.swift */ = {isa = PBXFileReference; lastKnownFileType = sourcecode.swift; path = ViewController.swift; sourceTree = "<group>"; };
		9A917DCD272C5DFB00866429 /* Base */ = {isa = PBXFileReference; lastKnownFileType = file.storyboard; name = Base; path = Base.lproj/Main.storyboard; sourceTree = "<group>"; };
		9A917DD0272C5DFB00866429 /* treeTest.xcdatamodel */ = {isa = PBXFileReference; lastKnownFileType = wrapper.xcdatamodel; path = treeTest.xcdatamodel; sourceTree = "<group>"; };
		9A917DD2272C5DFD00866429 /* Assets.xcassets */ = {isa = PBXFileReference; lastKnownFileType = folder.assetcatalog; path = Assets.xcassets; sourceTree = "<group>"; };
		9A917DD5272C5DFD00866429 /* Base */ = {isa = PBXFileReference; lastKnownFileType = file.storyboard; name = Base; path = Base.lproj/LaunchScreen.storyboard; sourceTree = "<group>"; };
		9A917DD7272C5DFD00866429 /* Info.plist */ = {isa = PBXFileReference; lastKnownFileType = text.plist.xml; path = Info.plist; sourceTree = "<group>"; };
		9A917DDC272C5DFD00866429 /* treeTestTests.xctest */ = {isa = PBXFileReference; explicitFileType = wrapper.cfbundle; includeInIndex = 0; path = treeTestTests.xctest; sourceTree = BUILT_PRODUCTS_DIR; };
		9A917DE0272C5DFD00866429 /* treeTestTests.swift */ = {isa = PBXFileReference; lastKnownFileType = sourcecode.swift; path = treeTestTests.swift; sourceTree = "<group>"; };
		9A917DE2272C5DFD00866429 /* Info.plist */ = {isa = PBXFileReference; lastKnownFileType = text.plist.xml; path = Info.plist; sourceTree = "<group>"; };
		9A917DE7272C5DFD00866429 /* treeTestUITests.xctest */ = {isa = PBXFileReference; explicitFileType = wrapper.cfbundle; includeInIndex = 0; path = treeTestUITests.xctest; sourceTree = BUILT_PRODUCTS_DIR; };
		9A917DEB272C5DFD00866429 /* treeTestUITests.swift */ = {isa = PBXFileReference; lastKnownFileType = sourcecode.swift; path = treeTestUITests.swift; sourceTree = "<group>"; };
		9A917DED272C5DFD00866429 /* Info.plist */ = {isa = PBXFileReference; lastKnownFileType = text.plist.xml; path = Info.plist; sourceTree = "<group>"; };
/* End PBXFileReference section */

/* Begin PBXFrameworksBuildPhase section */
		9A917DC0272C5DFB00866429 /* Frameworks */ = {
			isa = PBXFrameworksBuildPhase;
			buildActionMask = 2147483647;
			files = (
			);
			runOnlyForDeploymentPostprocessing = 0;
		};
		9A917DD9272C5DFD00866429 /* Frameworks */ = {
			isa = PBXFrameworksBuildPhase;
			buildActionMask = 2147483647;
			files = (
			);
			runOnlyForDeploymentPostprocessing = 0;
		};
		9A917DE4272C5DFD00866429 /* Frameworks */ = {
			isa = PBXFrameworksBuildPhase;
			buildActionMask = 2147483647;
			files = (
			);
			runOnlyForDeploymentPostprocessing = 0;
		};
/* End PBXFrameworksBuildPhase section */

/* Begin PBXGroup section */
		9A917DBA272C5DFB00866429 = {
			isa = PBXGroup;
			children = (
				9A917DC5272C5DFB00866429 /* treeTest */,
				9A917DDF272C5DFD00866429 /* treeTestTests */,
				9A917DEA272C5DFD00866429 /* treeTestUITests */,
				9A917DC4272C5DFB00866429 /* Products */,
			);
			sourceTree = "<group>";
		};
		9A917DC4272C5DFB00866429 /* Products */ = {
			isa = PBXGroup;
			children = (
				9A917DC3272C5DFB00866429 /* treeTest.app */,
				9A917DDC272C5DFD00866429 /* treeTestTests.xctest */,
				9A917DE7272C5DFD00866429 /* treeTestUITests.xctest */,
			);
			name = Products;
			sourceTree = "<group>";
		};
		9A917DC5272C5DFB00866429 /* treeTest */ = {
			isa = PBXGroup;
			children = (
				9A917DC6272C5DFB00866429 /* AppDelegate.swift */,
				9A917DC8272C5DFB00866429 /* SceneDelegate.swift */,
				9A917DCA272C5DFB00866429 /* ViewController.swift */,
				9A917DCC272C5DFB00866429 /* Main.storyboard */,
				9A917DD2272C5DFD00866429 /* Assets.xcassets */,
				9A917DD4272C5DFD00866429 /* LaunchScreen.storyboard */,
				9A917DD7272C5DFD00866429 /* Info.plist */,
				9A917DCF272C5DFB00866429 /* treeTest.xcdatamodeld */,
			);
			path = treeTest;
			sourceTree = "<group>";
		};
		9A917DDF272C5DFD00866429 /* treeTestTests */ = {
			isa = PBXGroup;
			children = (
				9A917DE0272C5DFD00866429 /* treeTestTests.swift */,
				9A917DE2272C5DFD00866429 /* Info.plist */,
			);
			path = treeTestTests;
			sourceTree = "<group>";
		};
		9A917DEA272C5DFD00866429 /* treeTestUITests */ = {
			isa = PBXGroup;
			children = (
				9A917DEB272C5DFD00866429 /* treeTestUITests.swift */,
				9A917DED272C5DFD00866429 /* Info.plist */,
			);
			path = treeTestUITests;
			sourceTree = "<group>";
		};
/* End PBXGroup section */

/* Begin PBXNativeTarget section */
		9A917DC2272C5DFB00866429 /* treeTest */ = {
			isa = PBXNativeTarget;
			buildConfigurationList = 9A917DF0272C5DFD00866429 /* Build configuration list for PBXNativeTarget "treeTest" */;
			buildPhases = (
				9A917DBF272C5DFB00866429 /* Sources */,
				9A917DC0272C5DFB00866429 /* Frameworks */,
				9A917DC1272C5DFB00866429 /* Resources */,
			);
			buildRules = (
			);
			dependencies = (
			);
			name = treeTest;
			productName = treeTest;
			productReference = 9A917DC3272C5DFB00866429 /* treeTest.app */;
			productType = "com.apple.product-type.application";
		};
		9A917DDB272C5DFD00866429 /* treeTestTests */ = {
			isa = PBXNativeTarget;
			buildConfigurationList = 9A917DF3272C5DFD00866429 /* Build configuration list for PBXNativeTarget "treeTestTests" */;
			buildPhases = (
				9A917DD8272C5DFD00866429 /* Sources */,
				9A917DD9272C5DFD00866429 /* Frameworks */,
				9A917DDA272C5DFD00866429 /* Resources */,
			);
			buildRules = (
			);
			dependencies = (
				9A917DDE272C5DFD00866429 /* PBXTargetDependency */,
			);
			name = treeTestTests;
			productName = treeTestTests;
			productReference = 9A917DDC272C5DFD00866429 /* treeTestTests.xctest */;
			productType = "com.apple.product-type.bundle.unit-test";
		};
		9A917DE6272C5DFD00866429 /* treeTestUITests */ = {
			isa = PBXNativeTarget;
			buildConfigurationList = 9A917DF6272C5DFD00866429 /* Build configuration list for PBXNativeTarget "treeTestUITests" */;
			buildPhases = (
				9A917DE3272C5DFD00866429 /* Sources */,
				9A917DE4272C5DFD00866429 /* Frameworks */,
				9A917DE5272C5DFD00866429 /* Resources */,
			);
			buildRules = (
			);
			dependencies = (
				9A917DE9272C5DFD00866429 /* PBXTargetDependency */,
			);
			name = treeTestUITests;
			productName = treeTestUITests;
			productReference = 9A917DE7272C5DFD00866429 /* treeTestUITests.xctest */;
			productType = "com.apple.product-type.bundle.ui-testing";
		};
/* End PBXNativeTarget section */

/* Begin PBXProject section */
		9A917DBB272C5DFB00866429 /* Project object */ = {
			isa = PBXProject;
			attributes = {
				LastSwiftUpdateCheck = 1250;
				LastUpgradeCheck = 1250;
				TargetAttributes = {
					9A917DC2272C5DFB00866429 = {
						CreatedOnToolsVersion = 12.5.1;
					};
					9A917DDB272C5DFD00866429 = {
						CreatedOnToolsVersion = 12.5.1;
						TestTargetID = 9A917DC2272C5DFB00866429;
					};
					9A917DE6272C5DFD00866429 = {
						CreatedOnToolsVersion = 12.5.1;
						TestTargetID = 9A917DC2272C5DFB00866429;
					};
				};
			};
			buildConfigurationList = 9A917DBE272C5DFB00866429 /* Build configuration list for PBXProject "treeTest" */;
			compatibilityVersion = "Xcode 9.3";
			developmentRegion = en;
			hasScannedForEncodings = 0;
			knownRegions = (
				en,
				Base,
			);
			mainGroup = 9A917DBA272C5DFB00866429;
			productRefGroup = 9A917DC4272C5DFB00866429 /* Products */;
			projectDirPath = "";
			projectRoot = "";
			targets = (
				9A917DC2272C5DFB00866429 /* treeTest */,
				9A917DDB272C5DFD00866429 /* treeTestTests */,
				9A917DE6272C5DFD00866429 /* treeTestUITests */,
			);
		};
/* End PBXProject section */

/* Begin PBXResourcesBuildPhase section */
		9A917DC1272C5DFB00866429 /* Resources */ = {
			isa = PBXResourcesBuildPhase;
			buildActionMask = 2147483647;
			files = (
				9A917DD6272C5DFD00866429 /* LaunchScreen.storyboard in Resources */,
				9A917DD3272C5DFD00866429 /* Assets.xcassets in Resources */,
				9A917DCE272C5DFB00866429 /* Main.storyboard in Resources */,
			);
			runOnlyForDeploymentPostprocessing = 0;
		};
		9A917DDA272C5DFD00866429 /* Resources */ = {
			isa = PBXResourcesBuildPhase;
			buildActionMask = 2147483647;
			files = (
			);
			runOnlyForDeploymentPostprocessing = 0;
		};
		9A917DE5272C5DFD00866429 /* Resources */ = {
			isa = PBXResourcesBuildPhase;
			buildActionMask = 2147483647;
			files = (
			);
			runOnlyForDeploymentPostprocessing = 0;
		};
/* End PBXResourcesBuildPhase section */

/* Begin PBXSourcesBuildPhase section */
		9A917DBF272C5DFB00866429 /* Sources */ = {
			isa = PBXSourcesBuildPhase;
			buildActionMask = 2147483647;
			files = (
				9A917DCB272C5DFB00866429 /* ViewController.swift in Sources */,
				9A917DD1272C5DFB00866429 /* treeTest.xcdatamodeld in Sources */,
				9A917DC7272C5DFB00866429 /* AppDelegate.swift in Sources */,
				9A917DC9272C5DFB00866429 /* SceneDelegate.swift in Sources */,
			);
			runOnlyForDeploymentPostprocessing = 0;
		};
		9A917DD8272C5DFD00866429 /* Sources */ = {
			isa = PBXSourcesBuildPhase;
			buildActionMask = 2147483647;
			files = (
				9A917DE1272C5DFD00866429 /* treeTestTests.swift in Sources */,
			);
			runOnlyForDeploymentPostprocessing = 0;
		};
		9A917DE3272C5DFD00866429 /* Sources */ = {
			isa = PBXSourcesBuildPhase;
			buildActionMask = 2147483647;
			files = (
				9A917DEC272C5DFD00866429 /* treeTestUITests.swift in Sources */,
			);
			runOnlyForDeploymentPostprocessing = 0;
		};
/* End PBXSourcesBuildPhase section */

/* Begin PBXTargetDependency section */
		9A917DDE272C5DFD00866429 /* PBXTargetDependency */ = {
			isa = PBXTargetDependency;
			target = 9A917DC2272C5DFB00866429 /* treeTest */;
			targetProxy = 9A917DDD272C5DFD00866429 /* PBXContainerItemProxy */;
		};
		9A917DE9272C5DFD00866429 /* PBXTargetDependency */ = {
			isa = PBXTargetDependency;
			target = 9A917DC2272C5DFB00866429 /* treeTest */;
			targetProxy = 9A917DE8272C5DFD00866429 /* PBXContainerItemProxy */;
		};
/* End PBXTargetDependency section */

/* Begin PBXVariantGroup section */
		9A917DCC272C5DFB00866429 /* Main.storyboard */ = {
			isa = PBXVariantGroup;
			children = (
				9A917DCD272C5DFB00866429 /* Base */,
			);
			name = Main.storyboard;
			sourceTree = "<group>";
		};
		9A917DD4272C5DFD00866429 /* LaunchScreen.storyboard */ = {
			isa = PBXVariantGroup;
			children = (
				9A917DD5272C5DFD00866429 /* Base */,
			);
			name = LaunchScreen.storyboard;
			sourceTree = "<group>";
		};
/* End PBXVariantGroup section */

/* Begin XCBuildConfiguration section */
		9A917DEE272C5DFD00866429 /* Debug */ = {
			isa = XCBuildConfiguration;
			buildSettings = {
				ALWAYS_SEARCH_USER_PATHS = NO;
				CLANG_ANALYZER_NONNULL = YES;
				CLANG_ANALYZER_NUMBER_OBJECT_CONVERSION = YES_AGGRESSIVE;
				CLANG_CXX_LANGUAGE_STANDARD = "gnu++14";
				CLANG_CXX_LIBRARY = "libc++";
				CLANG_ENABLE_MODULES = YES;
				CLANG_ENABLE_OBJC_ARC = YES;
				CLANG_ENABLE_OBJC_WEAK = YES;
				CLANG_WARN_BLOCK_CAPTURE_AUTORELEASING = YES;
				CLANG_WARN_BOOL_CONVERSION = YES;
				CLANG_WARN_COMMA = YES;
				CLANG_WARN_CONSTANT_CONVERSION = YES;
				CLANG_WARN_DEPRECATED_OBJC_IMPLEMENTATIONS = YES;
				CLANG_WARN_DIRECT_OBJC_ISA_USAGE = YES_ERROR;
				CLANG_WARN_DOCUMENTATION_COMMENTS = YES;
				CLANG_WARN_EMPTY_BODY = YES;
				CLANG_WARN_ENUM_CONVERSION = YES;
				CLANG_WARN_INFINITE_RECURSION = YES;
				CLANG_WARN_INT_CONVERSION = YES;
				CLANG_WARN_NON_LITERAL_NULL_CONVERSION = YES;
				CLANG_WARN_OBJC_IMPLICIT_RETAIN_SELF = YES;
				CLANG_WARN_OBJC_LITERAL_CONVERSION = YES;
				CLANG_WARN_OBJC_ROOT_CLASS = YES_ERROR;
				CLANG_WARN_QUOTED_INCLUDE_IN_FRAMEWORK_HEADER = YES;
				CLANG_WARN_RANGE_LOOP_ANALYSIS = YES;
				CLANG_WARN_STRICT_PROTOTYPES = YES;
				CLANG_WARN_SUSPICIOUS_MOVE = YES;
				CLANG_WARN_UNGUARDED_AVAILABILITY = YES_AGGRESSIVE;
				CLANG_WARN_UNREACHABLE_CODE = YES;
				CLANG_WARN__DUPLICATE_METHOD_MATCH = YES;
				COPY_PHASE_STRIP = NO;
				DEBUG_INFORMATION_FORMAT = dwarf;
				ENABLE_STRICT_OBJC_MSGSEND = YES;
				ENABLE_TESTABILITY = YES;
				GCC_C_LANGUAGE_STANDARD = gnu11;
				GCC_DYNAMIC_NO_PIC = NO;
				GCC_NO_COMMON_BLOCKS = YES;
				GCC_OPTIMIZATION_LEVEL = 0;
				GCC_PREPROCESSOR_DEFINITIONS = (
					"DEBUG=1",
					"$(inherited)",
				);
				GCC_WARN_64_TO_32_BIT_CONVERSION = YES;
				GCC_WARN_ABOUT_RETURN_TYPE = YES_ERROR;
				GCC_WARN_UNDECLARED_SELECTOR = YES;
				GCC_WARN_UNINITIALIZED_AUTOS = YES_AGGRESSIVE;
				GCC_WARN_UNUSED_FUNCTION = YES;
				GCC_WARN_UNUSED_VARIABLE = YES;
				IPHONEOS_DEPLOYMENT_TARGET = 14.5;
				MTL_ENABLE_DEBUG_INFO = INCLUDE_SOURCE;
				MTL_FAST_MATH = YES;
				ONLY_ACTIVE_ARCH = YES;
				SDKROOT = iphoneos;
				SWIFT_ACTIVE_COMPILATION_CONDITIONS = DEBUG;
				SWIFT_OPTIMIZATION_LEVEL = "-Onone";
			};
			name = Debug;
		};
		9A917DEF272C5DFD00866429 /* Release */ = {
			isa = XCBuildConfiguration;
			buildSettings = {
				ALWAYS_SEARCH_USER_PATHS = NO;
				CLANG_ANALYZER_NONNULL = YES;
				CLANG_ANALYZER_NUMBER_OBJECT_CONVERSION = YES_AGGRESSIVE;
				CLANG_CXX_LANGUAGE_STANDARD = "gnu++14";
				CLANG_CXX_LIBRARY = "libc++";
				CLANG_ENABLE_MODULES = YES;
				CLANG_ENABLE_OBJC_ARC = YES;
				CLANG_ENABLE_OBJC_WEAK = YES;
				CLANG_WARN_BLOCK_CAPTURE_AUTORELEASING = YES;
				CLANG_WARN_BOOL_CONVERSION = YES;
				CLANG_WARN_COMMA = YES;
				CLANG_WARN_CONSTANT_CONVERSION = YES;
				CLANG_WARN_DEPRECATED_OBJC_IMPLEMENTATIONS = YES;
				CLANG_WARN_DIRECT_OBJC_ISA_USAGE = YES_ERROR;
				CLANG_WARN_DOCUMENTATION_COMMENTS = YES;
				CLANG_WARN_EMPTY_BODY = YES;
				CLANG_WARN_ENUM_CONVERSION = YES;
				CLANG_WARN_INFINITE_RECURSION = YES;
				CLANG_WARN_INT_CONVERSION = YES;
				CLANG_WARN_NON_LITERAL_NULL_CONVERSION = YES;
				CLANG_WARN_OBJC_IMPLICIT_RETAIN_SELF = YES;
				CLANG_WARN_OBJC_LITERAL_CONVERSION = YES;
				CLANG_WARN_OBJC_ROOT_CLASS = YES_ERROR;
				CLANG_WARN_QUOTED_INCLUDE_IN_FRAMEWORK_HEADER = YES;
				CLANG_WARN_RANGE_LOOP_ANALYSIS = YES;
				CLANG_WARN_STRICT_PROTOTYPES = YES;
				CLANG_WARN_SUSPICIOUS_MOVE = YES;
				CLANG_WARN_UNGUARDED_AVAILABILITY = YES_AGGRESSIVE;
				CLANG_WARN_UNREACHABLE_CODE = YES;
				CLANG_WARN__DUPLICATE_METHOD_MATCH = YES;
				COPY_PHASE_STRIP = NO;
				DEBUG_INFORMATION_FORMAT = "dwarf-with-dsym";
				ENABLE_NS_ASSERTIONS = NO;
				ENABLE_STRICT_OBJC_MSGSEND = YES;
				GCC_C_LANGUAGE_STANDARD = gnu11;
				GCC_NO_COMMON_BLOCKS = YES;
				GCC_WARN_64_TO_32_BIT_CONVERSION = YES;
				GCC_WARN_ABOUT_RETURN_TYPE = YES_ERROR;
				GCC_WARN_UNDECLARED_SELECTOR = YES;
				GCC_WARN_UNINITIALIZED_AUTOS = YES_AGGRESSIVE;
				GCC_WARN_UNUSED_FUNCTION = YES;
				GCC_WARN_UNUSED_VARIABLE = YES;
				IPHONEOS_DEPLOYMENT_TARGET = 14.5;
				MTL_ENABLE_DEBUG_INFO = NO;
				MTL_FAST_MATH = YES;
				SDKROOT = iphoneos;
				SWIFT_COMPILATION_MODE = wholemodule;
				SWIFT_OPTIMIZATION_LEVEL = "-O";
				VALIDATE_PRODUCT = YES;
			};
			name = Release;
		};
		9A917DF1272C5DFD00866429 /* Debug */ = {
			isa = XCBuildConfiguration;
			buildSettings = {
				ASSETCATALOG_COMPILER_APPICON_NAME = AppIcon;
				ASSETCATALOG_COMPILER_GLOBAL_ACCENT_COLOR_NAME = AccentColor;
				CODE_SIGN_STYLE = Automatic;
				DEVELOPMENT_TEAM = F23GD77ZRK;
				INFOPLIST_FILE = treeTest/Info.plist;
				LD_RUNPATH_SEARCH_PATHS = (
					"$(inherited)",
					"@executable_path/Frameworks",
				);
				PRODUCT_BUNDLE_IDENTIFIER = "hanmok-main.treeTest";
				PRODUCT_NAME = "$(TARGET_NAME)";
				SWIFT_VERSION = 5.0;
				TARGETED_DEVICE_FAMILY = "1,2";
			};
			name = Debug;
		};
		9A917DF2272C5DFD00866429 /* Release */ = {
			isa = XCBuildConfiguration;
			buildSettings = {
				ASSETCATALOG_COMPILER_APPICON_NAME = AppIcon;
				ASSETCATALOG_COMPILER_GLOBAL_ACCENT_COLOR_NAME = AccentColor;
				CODE_SIGN_STYLE = Automatic;
				DEVELOPMENT_TEAM = F23GD77ZRK;
				INFOPLIST_FILE = treeTest/Info.plist;
				LD_RUNPATH_SEARCH_PATHS = (
					"$(inherited)",
					"@executable_path/Frameworks",
				);
				PRODUCT_BUNDLE_IDENTIFIER = "hanmok-main.treeTest";
				PRODUCT_NAME = "$(TARGET_NAME)";
				SWIFT_VERSION = 5.0;
				TARGETED_DEVICE_FAMILY = "1,2";
			};
			name = Release;
		};
		9A917DF4272C5DFD00866429 /* Debug */ = {
			isa = XCBuildConfiguration;
			buildSettings = {
				ALWAYS_EMBED_SWIFT_STANDARD_LIBRARIES = YES;
				BUNDLE_LOADER = "$(TEST_HOST)";
				CODE_SIGN_STYLE = Automatic;
				DEVELOPMENT_TEAM = F23GD77ZRK;
				INFOPLIST_FILE = treeTestTests/Info.plist;
				IPHONEOS_DEPLOYMENT_TARGET = 14.5;
				LD_RUNPATH_SEARCH_PATHS = (
					"$(inherited)",
					"@executable_path/Frameworks",
					"@loader_path/Frameworks",
				);
				PRODUCT_BUNDLE_IDENTIFIER = "hanmok-main.treeTestTests";
				PRODUCT_NAME = "$(TARGET_NAME)";
				SWIFT_VERSION = 5.0;
				TARGETED_DEVICE_FAMILY = "1,2";
				TEST_HOST = "$(BUILT_PRODUCTS_DIR)/treeTest.app/treeTest";
			};
			name = Debug;
		};
		9A917DF5272C5DFD00866429 /* Release */ = {
			isa = XCBuildConfiguration;
			buildSettings = {
				ALWAYS_EMBED_SWIFT_STANDARD_LIBRARIES = YES;
				BUNDLE_LOADER = "$(TEST_HOST)";
				CODE_SIGN_STYLE = Automatic;
				DEVELOPMENT_TEAM = F23GD77ZRK;
				INFOPLIST_FILE = treeTestTests/Info.plist;
				IPHONEOS_DEPLOYMENT_TARGET = 14.5;
				LD_RUNPATH_SEARCH_PATHS = (
					"$(inherited)",
					"@executable_path/Frameworks",
					"@loader_path/Frameworks",
				);
				PRODUCT_BUNDLE_IDENTIFIER = "hanmok-main.treeTestTests";
				PRODUCT_NAME = "$(TARGET_NAME)";
				SWIFT_VERSION = 5.0;
				TARGETED_DEVICE_FAMILY = "1,2";
				TEST_HOST = "$(BUILT_PRODUCTS_DIR)/treeTest.app/treeTest";
			};
			name = Release;
		};
		9A917DF7272C5DFD00866429 /* Debug */ = {
			isa = XCBuildConfiguration;
			buildSettings = {
				ALWAYS_EMBED_SWIFT_STANDARD_LIBRARIES = YES;
				CODE_SIGN_STYLE = Automatic;
				DEVELOPMENT_TEAM = F23GD77ZRK;
				INFOPLIST_FILE = treeTestUITests/Info.plist;
				LD_RUNPATH_SEARCH_PATHS = (
					"$(inherited)",
					"@executable_path/Frameworks",
					"@loader_path/Frameworks",
				);
				PRODUCT_BUNDLE_IDENTIFIER = "hanmok-main.treeTestUITests";
				PRODUCT_NAME = "$(TARGET_NAME)";
				SWIFT_VERSION = 5.0;
				TARGETED_DEVICE_FAMILY = "1,2";
				TEST_TARGET_NAME = treeTest;
			};
			name = Debug;
		};
		9A917DF8272C5DFD00866429 /* Release */ = {
			isa = XCBuildConfiguration;
			buildSettings = {
				ALWAYS_EMBED_SWIFT_STANDARD_LIBRARIES = YES;
				CODE_SIGN_STYLE = Automatic;
				DEVELOPMENT_TEAM = F23GD77ZRK;
				INFOPLIST_FILE = treeTestUITests/Info.plist;
				LD_RUNPATH_SEARCH_PATHS = (
					"$(inherited)",
					"@executable_path/Frameworks",
					"@loader_path/Frameworks",
				);
				PRODUCT_BUNDLE_IDENTIFIER = "hanmok-main.treeTestUITests";
				PRODUCT_NAME = "$(TARGET_NAME)";
				SWIFT_VERSION = 5.0;
				TARGETED_DEVICE_FAMILY = "1,2";
				TEST_TARGET_NAME = treeTest;
			};
			name = Release;
		};
/* End XCBuildConfiguration section */

/* Begin XCConfigurationList section */
		9A917DBE272C5DFB00866429 /* Build configuration list for PBXProject "treeTest" */ = {
			isa = XCConfigurationList;
			buildConfigurations = (
				9A917DEE272C5DFD00866429 /* Debug */,
				9A917DEF272C5DFD00866429 /* Release */,
			);
			defaultConfigurationIsVisible = 0;
			defaultConfigurationName = Release;
		};
		9A917DF0272C5DFD00866429 /* Build configuration list for PBXNativeTarget "treeTest" */ = {
			isa = XCConfigurationList;
			buildConfigurations = (
				9A917DF1272C5DFD00866429 /* Debug */,
				9A917DF2272C5DFD00866429 /* Release */,
			);
			defaultConfigurationIsVisible = 0;
			defaultConfigurationName = Release;
		};
		9A917DF3272C5DFD00866429 /* Build configuration list for PBXNativeTarget "treeTestTests" */ = {
			isa = XCConfigurationList;
			buildConfigurations = (
				9A917DF4272C5DFD00866429 /* Debug */,
				9A917DF5272C5DFD00866429 /* Release */,
			);
			defaultConfigurationIsVisible = 0;
			defaultConfigurationName = Release;
		};
		9A917DF6272C5DFD00866429 /* Build configuration list for PBXNativeTarget "treeTestUITests" */ = {
			isa = XCConfigurationList;
			buildConfigurations = (
				9A917DF7272C5DFD00866429 /* Debug */,
				9A917DF8272C5DFD00866429 /* Release */,
			);
			defaultConfigurationIsVisible = 0;
			defaultConfigurationName = Release;
		};
/* End XCConfigurationList section */

/* Begin XCVersionGroup section */
		9A917DCF272C5DFB00866429 /* treeTest.xcdatamodeld */ = {
			isa = XCVersionGroup;
			children = (
				9A917DD0272C5DFB00866429 /* treeTest.xcdatamodel */,
			);
			currentVersion = 9A917DD0272C5DFB00866429 /* treeTest.xcdatamodel */;
			path = treeTest.xcdatamodeld;
			sourceTree = "<group>";
			versionGroupType = wrapper.xcdatamodel;
		};
/* End XCVersionGroup section */
	};
	rootObject = 9A917DBB272C5DFB00866429 /* Project object */;
}
